// !$*UTF8*$!
{
	archiveVersion = 1;
	classes = {
	};
	objectVersion = 55;
	objects = {

/* Begin PBXBuildFile section */
		AC51FADC284E64B0007411A5 /* FirebaseCommsApp.swift in Sources */ = {isa = PBXBuildFile; fileRef = AC51FADB284E64B0007411A5 /* FirebaseCommsApp.swift */; };
		AC51FADE284E64B0007411A5 /* ContentView.swift in Sources */ = {isa = PBXBuildFile; fileRef = AC51FADD284E64B0007411A5 /* ContentView.swift */; };
		AC51FAE0284E64B1007411A5 /* Assets.xcassets in Resources */ = {isa = PBXBuildFile; fileRef = AC51FADF284E64B1007411A5 /* Assets.xcassets */; };
		AC51FAE3284E64B1007411A5 /* Preview Assets.xcassets in Resources */ = {isa = PBXBuildFile; fileRef = AC51FAE2284E64B1007411A5 /* Preview Assets.xcassets */; };
		AC51FAEE284E713E007411A5 /* GoogleSignIn in Frameworks */ = {isa = PBXBuildFile; productRef = AC51FAED284E713E007411A5 /* GoogleSignIn */; };
		AC51FAF3284E7C7D007411A5 /* LoginView.swift in Sources */ = {isa = PBXBuildFile; fileRef = AC51FAF2284E7C7D007411A5 /* LoginView.swift */; };
		AC51FAF7284E87B0007411A5 /* FirebaseAuth in Frameworks */ = {isa = PBXBuildFile; productRef = AC51FAF6284E87B0007411A5 /* FirebaseAuth */; };
		AC51FAF9284E87B0007411A5 /* FirebaseFirestore in Frameworks */ = {isa = PBXBuildFile; productRef = AC51FAF8284E87B0007411A5 /* FirebaseFirestore */; };
		AC51FAFB284E87B0007411A5 /* FirebaseStorage in Frameworks */ = {isa = PBXBuildFile; productRef = AC51FAFA284E87B0007411A5 /* FirebaseStorage */; };
		AC51FAFD284E9C1D007411A5 /* BroadcastsView.swift in Sources */ = {isa = PBXBuildFile; fileRef = AC51FAFC284E9C1D007411A5 /* BroadcastsView.swift */; };
		AC51FB01284FD656007411A5 /* SettingsView.swift in Sources */ = {isa = PBXBuildFile; fileRef = AC51FB00284FD656007411A5 /* SettingsView.swift */; };
		AC51FB0528500947007411A5 /* NewBroadcastView.swift in Sources */ = {isa = PBXBuildFile; fileRef = AC51FB0428500947007411A5 /* NewBroadcastView.swift */; };
		AC51FB072853B209007411A5 /* FirebaseManager.swift in Sources */ = {isa = PBXBuildFile; fileRef = AC51FB062853B209007411A5 /* FirebaseManager.swift */; };
		AC51FB092853B26C007411A5 /* Broadcast.swift in Sources */ = {isa = PBXBuildFile; fileRef = AC51FB082853B26C007411A5 /* Broadcast.swift */; };
		AC51FB0F2853F284007411A5 /* BroadcastView.swift in Sources */ = {isa = PBXBuildFile; fileRef = AC51FB0E2853F284007411A5 /* BroadcastView.swift */; };
		AC75F69B288E0E68007E321B /* GoogleService-Info.plist in Resources */ = {isa = PBXBuildFile; fileRef = AC75F69A288E0E67007E321B /* GoogleService-Info.plist */; };
		AC99A29828550A7E005FA788 /* constants.swift in Sources */ = {isa = PBXBuildFile; fileRef = AC99A29728550A7E005FA788 /* constants.swift */; };
		AC99A29A28550E55005FA788 /* ExpandedBroadcastView.swift in Sources */ = {isa = PBXBuildFile; fileRef = AC99A29928550E55005FA788 /* ExpandedBroadcastView.swift */; };
		AC99A29E285668F7005FA788 /* FollowsView.swift in Sources */ = {isa = PBXBuildFile; fileRef = AC99A29D285668F7005FA788 /* FollowsView.swift */; };
		ACBA02BA2894A9030071C9B5 /* Comment.swift in Sources */ = {isa = PBXBuildFile; fileRef = ACBA02B92894A9030071C9B5 /* Comment.swift */; };
		ACBA02BC289F27E50071C9B5 /* utils.swift in Sources */ = {isa = PBXBuildFile; fileRef = ACBA02BB289F27E50071C9B5 /* utils.swift */; };
		ACBA02BE28A59BFC0071C9B5 /* CalendarManager.swift in Sources */ = {isa = PBXBuildFile; fileRef = ACBA02BD28A59BFC0071C9B5 /* CalendarManager.swift */; };
		ACBA02C028B6B71D0071C9B5 /* color.swift in Sources */ = {isa = PBXBuildFile; fileRef = ACBA02BF28B6B71D0071C9B5 /* color.swift */; };
		ACBA02C228BD7CF20071C9B5 /* BackButtonView.swift in Sources */ = {isa = PBXBuildFile; fileRef = ACBA02C128BD7CF20071C9B5 /* BackButtonView.swift */; };
		ACBA02C428BED2DC0071C9B5 /* CommentsView.swift in Sources */ = {isa = PBXBuildFile; fileRef = ACBA02C328BED2DC0071C9B5 /* CommentsView.swift */; };
		ACBA02C628BED9F70071C9B5 /* UserListView.swift in Sources */ = {isa = PBXBuildFile; fileRef = ACBA02C528BED9F70071C9B5 /* UserListView.swift */; };
		ACBA02C828C13C820071C9B5 /* TestView.swift in Sources */ = {isa = PBXBuildFile; fileRef = ACBA02C728C13C820071C9B5 /* TestView.swift */; };
		ACBA02CC28C8036C0071C9B5 /* ImagePicker.swift in Sources */ = {isa = PBXBuildFile; fileRef = ACBA02CB28C8036C0071C9B5 /* ImagePicker.swift */; };
		ACBA02CE28C81FA00071C9B5 /* SafariView.swift in Sources */ = {isa = PBXBuildFile; fileRef = ACBA02CD28C81FA00071C9B5 /* SafariView.swift */; };
		ACBA02D028C81FD90071C9B5 /* URLButton.swift in Sources */ = {isa = PBXBuildFile; fileRef = ACBA02CF28C81FD90071C9B5 /* URLButton.swift */; };
		ACBA02D228C951430071C9B5 /* FirebaseAnalytics in Frameworks */ = {isa = PBXBuildFile; productRef = ACBA02D128C951430071C9B5 /* FirebaseAnalytics */; };
		ACBA02D428C951480071C9B5 /* FirebaseMessaging in Frameworks */ = {isa = PBXBuildFile; productRef = ACBA02D328C951480071C9B5 /* FirebaseMessaging */; };
		ACBA02D728CA80AD0071C9B5 /* PushNotificationSender.swift in Sources */ = {isa = PBXBuildFile; fileRef = ACBA02D628CA80AD0071C9B5 /* PushNotificationSender.swift */; };
		ACBA02D928CAA5CC0071C9B5 /* PullToRefresh.swift in Sources */ = {isa = PBXBuildFile; fileRef = ACBA02D828CAA5CC0071C9B5 /* PullToRefresh.swift */; };
/* End PBXBuildFile section */

/* Begin PBXFileReference section */
		AC51FAD8284E64B0007411A5 /* FirebaseComms.app */ = {isa = PBXFileReference; explicitFileType = wrapper.application; includeInIndex = 0; path = FirebaseComms.app; sourceTree = BUILT_PRODUCTS_DIR; };
		AC51FADB284E64B0007411A5 /* FirebaseCommsApp.swift */ = {isa = PBXFileReference; lastKnownFileType = sourcecode.swift; path = FirebaseCommsApp.swift; sourceTree = "<group>"; };
		AC51FADD284E64B0007411A5 /* ContentView.swift */ = {isa = PBXFileReference; lastKnownFileType = sourcecode.swift; path = ContentView.swift; sourceTree = "<group>"; };
		AC51FADF284E64B1007411A5 /* Assets.xcassets */ = {isa = PBXFileReference; lastKnownFileType = folder.assetcatalog; path = Assets.xcassets; sourceTree = "<group>"; };
		AC51FAE2284E64B1007411A5 /* Preview Assets.xcassets */ = {isa = PBXFileReference; lastKnownFileType = folder.assetcatalog; path = "Preview Assets.xcassets"; sourceTree = "<group>"; };
		AC51FAF1284E72CD007411A5 /* Info.plist */ = {isa = PBXFileReference; lastKnownFileType = text.plist; path = Info.plist; sourceTree = "<group>"; };
		AC51FAF2284E7C7D007411A5 /* LoginView.swift */ = {isa = PBXFileReference; lastKnownFileType = sourcecode.swift; path = LoginView.swift; sourceTree = "<group>"; };
		AC51FAFC284E9C1D007411A5 /* BroadcastsView.swift */ = {isa = PBXFileReference; lastKnownFileType = sourcecode.swift; path = BroadcastsView.swift; sourceTree = "<group>"; };
		AC51FB00284FD656007411A5 /* SettingsView.swift */ = {isa = PBXFileReference; lastKnownFileType = sourcecode.swift; path = SettingsView.swift; sourceTree = "<group>"; };
		AC51FB0428500947007411A5 /* NewBroadcastView.swift */ = {isa = PBXFileReference; lastKnownFileType = sourcecode.swift; path = NewBroadcastView.swift; sourceTree = "<group>"; };
		AC51FB062853B209007411A5 /* FirebaseManager.swift */ = {isa = PBXFileReference; lastKnownFileType = sourcecode.swift; path = FirebaseManager.swift; sourceTree = "<group>"; };
		AC51FB082853B26C007411A5 /* Broadcast.swift */ = {isa = PBXFileReference; lastKnownFileType = sourcecode.swift; path = Broadcast.swift; sourceTree = "<group>"; };
		AC51FB0E2853F284007411A5 /* BroadcastView.swift */ = {isa = PBXFileReference; lastKnownFileType = sourcecode.swift; path = BroadcastView.swift; sourceTree = "<group>"; };
		AC75F69A288E0E67007E321B /* GoogleService-Info.plist */ = {isa = PBXFileReference; fileEncoding = 4; lastKnownFileType = text.plist.xml; path = "GoogleService-Info.plist"; sourceTree = "<group>"; };
		AC99A29728550A7E005FA788 /* constants.swift */ = {isa = PBXFileReference; lastKnownFileType = sourcecode.swift; path = constants.swift; sourceTree = "<group>"; };
		AC99A29928550E55005FA788 /* ExpandedBroadcastView.swift */ = {isa = PBXFileReference; lastKnownFileType = sourcecode.swift; path = ExpandedBroadcastView.swift; sourceTree = "<group>"; };
		AC99A29D285668F7005FA788 /* FollowsView.swift */ = {isa = PBXFileReference; lastKnownFileType = sourcecode.swift; path = FollowsView.swift; sourceTree = "<group>"; };
		ACBA02B92894A9030071C9B5 /* Comment.swift */ = {isa = PBXFileReference; lastKnownFileType = sourcecode.swift; path = Comment.swift; sourceTree = "<group>"; };
		ACBA02BB289F27E50071C9B5 /* utils.swift */ = {isa = PBXFileReference; lastKnownFileType = sourcecode.swift; path = utils.swift; sourceTree = "<group>"; };
		ACBA02BD28A59BFC0071C9B5 /* CalendarManager.swift */ = {isa = PBXFileReference; lastKnownFileType = sourcecode.swift; path = CalendarManager.swift; sourceTree = "<group>"; };
		ACBA02BF28B6B71D0071C9B5 /* color.swift */ = {isa = PBXFileReference; lastKnownFileType = sourcecode.swift; path = color.swift; sourceTree = "<group>"; };
		ACBA02C128BD7CF20071C9B5 /* BackButtonView.swift */ = {isa = PBXFileReference; lastKnownFileType = sourcecode.swift; path = BackButtonView.swift; sourceTree = "<group>"; };
		ACBA02C328BED2DC0071C9B5 /* CommentsView.swift */ = {isa = PBXFileReference; lastKnownFileType = sourcecode.swift; path = CommentsView.swift; sourceTree = "<group>"; };
		ACBA02C528BED9F70071C9B5 /* UserListView.swift */ = {isa = PBXFileReference; lastKnownFileType = sourcecode.swift; path = UserListView.swift; sourceTree = "<group>"; };
		ACBA02C728C13C820071C9B5 /* TestView.swift */ = {isa = PBXFileReference; lastKnownFileType = sourcecode.swift; path = TestView.swift; sourceTree = "<group>"; };
		ACBA02CB28C8036C0071C9B5 /* ImagePicker.swift */ = {isa = PBXFileReference; lastKnownFileType = sourcecode.swift; path = ImagePicker.swift; sourceTree = "<group>"; };
		ACBA02CD28C81FA00071C9B5 /* SafariView.swift */ = {isa = PBXFileReference; lastKnownFileType = sourcecode.swift; path = SafariView.swift; sourceTree = "<group>"; };
		ACBA02CF28C81FD90071C9B5 /* URLButton.swift */ = {isa = PBXFileReference; lastKnownFileType = sourcecode.swift; path = URLButton.swift; sourceTree = "<group>"; };
		ACBA02D528C99E120071C9B5 /* FirebaseComms.entitlements */ = {isa = PBXFileReference; lastKnownFileType = text.plist.entitlements; path = FirebaseComms.entitlements; sourceTree = "<group>"; };
		ACBA02D628CA80AD0071C9B5 /* PushNotificationSender.swift */ = {isa = PBXFileReference; lastKnownFileType = sourcecode.swift; path = PushNotificationSender.swift; sourceTree = "<group>"; };
		ACBA02D828CAA5CC0071C9B5 /* PullToRefresh.swift */ = {isa = PBXFileReference; lastKnownFileType = sourcecode.swift; path = PullToRefresh.swift; sourceTree = "<group>"; };
/* End PBXFileReference section */

/* Begin PBXFrameworksBuildPhase section */
		AC51FAD5284E64B0007411A5 /* Frameworks */ = {
			isa = PBXFrameworksBuildPhase;
			buildActionMask = 2147483647;
			files = (
				ACBA02D428C951480071C9B5 /* FirebaseMessaging in Frameworks */,
				AC51FAEE284E713E007411A5 /* GoogleSignIn in Frameworks */,
				AC51FAFB284E87B0007411A5 /* FirebaseStorage in Frameworks */,
				AC51FAF7284E87B0007411A5 /* FirebaseAuth in Frameworks */,
				ACBA02D228C951430071C9B5 /* FirebaseAnalytics in Frameworks */,
				AC51FAF9284E87B0007411A5 /* FirebaseFirestore in Frameworks */,
			);
			runOnlyForDeploymentPostprocessing = 0;
		};
/* End PBXFrameworksBuildPhase section */

/* Begin PBXGroup section */
		AC51FACF284E64B0007411A5 = {
			isa = PBXGroup;
			children = (
				AC51FADA284E64B0007411A5 /* FirebaseComms */,
				AC51FAD9284E64B0007411A5 /* Products */,
				AC51FAF4284E8771007411A5 /* Frameworks */,
			);
			sourceTree = "<group>";
		};
		AC51FAD9284E64B0007411A5 /* Products */ = {
			isa = PBXGroup;
			children = (
				AC51FAD8284E64B0007411A5 /* FirebaseComms.app */,
			);
			name = Products;
			sourceTree = "<group>";
		};
		AC51FADA284E64B0007411A5 /* FirebaseComms */ = {
			isa = PBXGroup;
			children = (
				ACBA02D528C99E120071C9B5 /* FirebaseComms.entitlements */,
				AC51FB0B2853C511007411A5 /* Classes */,
				AC51FB0A2853C4CF007411A5 /* Views */,
				AC51FAF1284E72CD007411A5 /* Info.plist */,
				AC75F69A288E0E67007E321B /* GoogleService-Info.plist */,
				AC51FADB284E64B0007411A5 /* FirebaseCommsApp.swift */,
				AC51FADF284E64B1007411A5 /* Assets.xcassets */,
				AC51FAE1284E64B1007411A5 /* Preview Content */,
				AC99A29728550A7E005FA788 /* constants.swift */,
				ACBA02BB289F27E50071C9B5 /* utils.swift */,
				ACBA02BF28B6B71D0071C9B5 /* color.swift */,
			);
			path = FirebaseComms;
			sourceTree = "<group>";
		};
		AC51FAE1284E64B1007411A5 /* Preview Content */ = {
			isa = PBXGroup;
			children = (
				AC51FAE2284E64B1007411A5 /* Preview Assets.xcassets */,
			);
			path = "Preview Content";
			sourceTree = "<group>";
		};
		AC51FAF4284E8771007411A5 /* Frameworks */ = {
			isa = PBXGroup;
			children = (
			);
			name = Frameworks;
			sourceTree = "<group>";
		};
		AC51FB0A2853C4CF007411A5 /* Views */ = {
			isa = PBXGroup;
			children = (
				AC51FADD284E64B0007411A5 /* ContentView.swift */,
				AC51FAF2284E7C7D007411A5 /* LoginView.swift */,
				AC51FAFC284E9C1D007411A5 /* BroadcastsView.swift */,
				AC51FB00284FD656007411A5 /* SettingsView.swift */,
				AC51FB0428500947007411A5 /* NewBroadcastView.swift */,
				AC51FB0E2853F284007411A5 /* BroadcastView.swift */,
				AC99A29928550E55005FA788 /* ExpandedBroadcastView.swift */,
				AC99A29D285668F7005FA788 /* FollowsView.swift */,
				ACBA02C128BD7CF20071C9B5 /* BackButtonView.swift */,
				ACBA02C328BED2DC0071C9B5 /* CommentsView.swift */,
				ACBA02C528BED9F70071C9B5 /* UserListView.swift */,
				ACBA02C728C13C820071C9B5 /* TestView.swift */,
				ACBA02CB28C8036C0071C9B5 /* ImagePicker.swift */,
				ACBA02CD28C81FA00071C9B5 /* SafariView.swift */,
				ACBA02CF28C81FD90071C9B5 /* URLButton.swift */,
				ACBA02D828CAA5CC0071C9B5 /* PullToRefresh.swift */,
			);
			path = Views;
			sourceTree = "<group>";
		};
		AC51FB0B2853C511007411A5 /* Classes */ = {
			isa = PBXGroup;
			children = (
				AC51FB062853B209007411A5 /* FirebaseManager.swift */,
				AC51FB082853B26C007411A5 /* Broadcast.swift */,
				ACBA02B92894A9030071C9B5 /* Comment.swift */,
				ACBA02BD28A59BFC0071C9B5 /* CalendarManager.swift */,
				ACBA02D628CA80AD0071C9B5 /* PushNotificationSender.swift */,
			);
			path = Classes;
			sourceTree = "<group>";
		};
/* End PBXGroup section */

/* Begin PBXNativeTarget section */
		AC51FAD7284E64B0007411A5 /* FirebaseComms */ = {
			isa = PBXNativeTarget;
			buildConfigurationList = AC51FAE6284E64B1007411A5 /* Build configuration list for PBXNativeTarget "FirebaseComms" */;
			buildPhases = (
				AC51FAD4284E64B0007411A5 /* Sources */,
				AC51FAD5284E64B0007411A5 /* Frameworks */,
				AC51FAD6284E64B0007411A5 /* Resources */,
			);
			buildRules = (
			);
			dependencies = (
			);
			name = FirebaseComms;
			packageProductDependencies = (
				AC51FAED284E713E007411A5 /* GoogleSignIn */,
				AC51FAF6284E87B0007411A5 /* FirebaseAuth */,
				AC51FAF8284E87B0007411A5 /* FirebaseFirestore */,
				AC51FAFA284E87B0007411A5 /* FirebaseStorage */,
				ACBA02D128C951430071C9B5 /* FirebaseAnalytics */,
				ACBA02D328C951480071C9B5 /* FirebaseMessaging */,
			);
			productName = FirebaseComms;
			productReference = AC51FAD8284E64B0007411A5 /* FirebaseComms.app */;
			productType = "com.apple.product-type.application";
		};
/* End PBXNativeTarget section */

/* Begin PBXProject section */
		AC51FAD0284E64B0007411A5 /* Project object */ = {
			isa = PBXProject;
			attributes = {
				BuildIndependentTargetsInParallel = 1;
				LastSwiftUpdateCheck = 1340;
				LastUpgradeCheck = 1340;
				TargetAttributes = {
					AC51FAD7284E64B0007411A5 = {
						CreatedOnToolsVersion = 13.4.1;
					};
				};
			};
			buildConfigurationList = AC51FAD3284E64B0007411A5 /* Build configuration list for PBXProject "FirebaseComms" */;
			compatibilityVersion = "Xcode 13.0";
			developmentRegion = en;
			hasScannedForEncodings = 0;
			knownRegions = (
				en,
				Base,
			);
			mainGroup = AC51FACF284E64B0007411A5;
			packageReferences = (
				AC51FAE9284E70D4007411A5 /* XCRemoteSwiftPackageReference "firebase-ios-sdk" */,
				AC51FAEC284E713E007411A5 /* XCRemoteSwiftPackageReference "GoogleSignIn-iOS" */,
				AC51FAF5284E87B0007411A5 /* XCRemoteSwiftPackageReference "firebase-ios-sdk" */,
			);
			productRefGroup = AC51FAD9284E64B0007411A5 /* Products */;
			projectDirPath = "";
			projectRoot = "";
			targets = (
				AC51FAD7284E64B0007411A5 /* FirebaseComms */,
			);
		};
/* End PBXProject section */

/* Begin PBXResourcesBuildPhase section */
		AC51FAD6284E64B0007411A5 /* Resources */ = {
			isa = PBXResourcesBuildPhase;
			buildActionMask = 2147483647;
			files = (
				AC51FAE3284E64B1007411A5 /* Preview Assets.xcassets in Resources */,
				AC51FAE0284E64B1007411A5 /* Assets.xcassets in Resources */,
				AC75F69B288E0E68007E321B /* GoogleService-Info.plist in Resources */,
			);
			runOnlyForDeploymentPostprocessing = 0;
		};
/* End PBXResourcesBuildPhase section */

/* Begin PBXSourcesBuildPhase section */
		AC51FAD4284E64B0007411A5 /* Sources */ = {
			isa = PBXSourcesBuildPhase;
			buildActionMask = 2147483647;
			files = (
				AC51FB0528500947007411A5 /* NewBroadcastView.swift in Sources */,
				AC51FB092853B26C007411A5 /* Broadcast.swift in Sources */,
				ACBA02C428BED2DC0071C9B5 /* CommentsView.swift in Sources */,
				ACBA02D028C81FD90071C9B5 /* URLButton.swift in Sources */,
				AC99A29A28550E55005FA788 /* ExpandedBroadcastView.swift in Sources */,
				ACBA02CC28C8036C0071C9B5 /* ImagePicker.swift in Sources */,
				AC51FB01284FD656007411A5 /* SettingsView.swift in Sources */,
				ACBA02D728CA80AD0071C9B5 /* PushNotificationSender.swift in Sources */,
				AC51FB072853B209007411A5 /* FirebaseManager.swift in Sources */,
				AC51FADE284E64B0007411A5 /* ContentView.swift in Sources */,
				AC51FAF3284E7C7D007411A5 /* LoginView.swift in Sources */,
				ACBA02BC289F27E50071C9B5 /* utils.swift in Sources */,
				AC51FADC284E64B0007411A5 /* FirebaseCommsApp.swift in Sources */,
				AC51FB0F2853F284007411A5 /* BroadcastView.swift in Sources */,
				ACBA02CE28C81FA00071C9B5 /* SafariView.swift in Sources */,
				ACBA02BA2894A9030071C9B5 /* Comment.swift in Sources */,
				AC51FAFD284E9C1D007411A5 /* BroadcastsView.swift in Sources */,
				AC99A29E285668F7005FA788 /* FollowsView.swift in Sources */,
				ACBA02C628BED9F70071C9B5 /* UserListView.swift in Sources */,
				ACBA02C028B6B71D0071C9B5 /* color.swift in Sources */,
				ACBA02C828C13C820071C9B5 /* TestView.swift in Sources */,
				ACBA02C228BD7CF20071C9B5 /* BackButtonView.swift in Sources */,
				AC99A29828550A7E005FA788 /* constants.swift in Sources */,
				ACBA02BE28A59BFC0071C9B5 /* CalendarManager.swift in Sources */,
				ACBA02D928CAA5CC0071C9B5 /* PullToRefresh.swift in Sources */,
			);
			runOnlyForDeploymentPostprocessing = 0;
		};
/* End PBXSourcesBuildPhase section */

/* Begin XCBuildConfiguration section */
		AC51FAE4284E64B1007411A5 /* Debug */ = {
			isa = XCBuildConfiguration;
			buildSettings = {
				ALWAYS_SEARCH_USER_PATHS = NO;
				CLANG_ANALYZER_NONNULL = YES;
				CLANG_ANALYZER_NUMBER_OBJECT_CONVERSION = YES_AGGRESSIVE;
				CLANG_CXX_LANGUAGE_STANDARD = "gnu++17";
				CLANG_ENABLE_MODULES = YES;
				CLANG_ENABLE_OBJC_ARC = YES;
				CLANG_ENABLE_OBJC_WEAK = YES;
				CLANG_WARN_BLOCK_CAPTURE_AUTORELEASING = YES;
				CLANG_WARN_BOOL_CONVERSION = YES;
				CLANG_WARN_COMMA = YES;
				CLANG_WARN_CONSTANT_CONVERSION = YES;
				CLANG_WARN_DEPRECATED_OBJC_IMPLEMENTATIONS = YES;
				CLANG_WARN_DIRECT_OBJC_ISA_USAGE = YES_ERROR;
				CLANG_WARN_DOCUMENTATION_COMMENTS = YES;
				CLANG_WARN_EMPTY_BODY = YES;
				CLANG_WARN_ENUM_CONVERSION = YES;
				CLANG_WARN_INFINITE_RECURSION = YES;
				CLANG_WARN_INT_CONVERSION = YES;
				CLANG_WARN_NON_LITERAL_NULL_CONVERSION = YES;
				CLANG_WARN_OBJC_IMPLICIT_RETAIN_SELF = YES;
				CLANG_WARN_OBJC_LITERAL_CONVERSION = YES;
				CLANG_WARN_OBJC_ROOT_CLASS = YES_ERROR;
				CLANG_WARN_QUOTED_INCLUDE_IN_FRAMEWORK_HEADER = YES;
				CLANG_WARN_RANGE_LOOP_ANALYSIS = YES;
				CLANG_WARN_STRICT_PROTOTYPES = YES;
				CLANG_WARN_SUSPICIOUS_MOVE = YES;
				CLANG_WARN_UNGUARDED_AVAILABILITY = YES_AGGRESSIVE;
				CLANG_WARN_UNREACHABLE_CODE = YES;
				CLANG_WARN__DUPLICATE_METHOD_MATCH = YES;
				COPY_PHASE_STRIP = NO;
				DEBUG_INFORMATION_FORMAT = dwarf;
				ENABLE_STRICT_OBJC_MSGSEND = YES;
				ENABLE_TESTABILITY = YES;
				GCC_C_LANGUAGE_STANDARD = gnu11;
				GCC_DYNAMIC_NO_PIC = NO;
				GCC_NO_COMMON_BLOCKS = YES;
				GCC_OPTIMIZATION_LEVEL = 0;
				GCC_PREPROCESSOR_DEFINITIONS = (
					"DEBUG=1",
					"$(inherited)",
				);
				GCC_WARN_64_TO_32_BIT_CONVERSION = YES;
				GCC_WARN_ABOUT_RETURN_TYPE = YES_ERROR;
				GCC_WARN_UNDECLARED_SELECTOR = YES;
				GCC_WARN_UNINITIALIZED_AUTOS = YES_AGGRESSIVE;
				GCC_WARN_UNUSED_FUNCTION = YES;
				GCC_WARN_UNUSED_VARIABLE = YES;
				IPHONEOS_DEPLOYMENT_TARGET = 15.5;
				MTL_ENABLE_DEBUG_INFO = INCLUDE_SOURCE;
				MTL_FAST_MATH = YES;
				ONLY_ACTIVE_ARCH = YES;
				SDKROOT = iphoneos;
				SWIFT_ACTIVE_COMPILATION_CONDITIONS = DEBUG;
				SWIFT_OPTIMIZATION_LEVEL = "-Onone";
			};
			name = Debug;
		};
		AC51FAE5284E64B1007411A5 /* Release */ = {
			isa = XCBuildConfiguration;
			buildSettings = {
				ALWAYS_SEARCH_USER_PATHS = NO;
				CLANG_ANALYZER_NONNULL = YES;
				CLANG_ANALYZER_NUMBER_OBJECT_CONVERSION = YES_AGGRESSIVE;
				CLANG_CXX_LANGUAGE_STANDARD = "gnu++17";
				CLANG_ENABLE_MODULES = YES;
				CLANG_ENABLE_OBJC_ARC = YES;
				CLANG_ENABLE_OBJC_WEAK = YES;
				CLANG_WARN_BLOCK_CAPTURE_AUTORELEASING = YES;
				CLANG_WARN_BOOL_CONVERSION = YES;
				CLANG_WARN_COMMA = YES;
				CLANG_WARN_CONSTANT_CONVERSION = YES;
				CLANG_WARN_DEPRECATED_OBJC_IMPLEMENTATIONS = YES;
				CLANG_WARN_DIRECT_OBJC_ISA_USAGE = YES_ERROR;
				CLANG_WARN_DOCUMENTATION_COMMENTS = YES;
				CLANG_WARN_EMPTY_BODY = YES;
				CLANG_WARN_ENUM_CONVERSION = YES;
				CLANG_WARN_INFINITE_RECURSION = YES;
				CLANG_WARN_INT_CONVERSION = YES;
				CLANG_WARN_NON_LITERAL_NULL_CONVERSION = YES;
				CLANG_WARN_OBJC_IMPLICIT_RETAIN_SELF = YES;
				CLANG_WARN_OBJC_LITERAL_CONVERSION = YES;
				CLANG_WARN_OBJC_ROOT_CLASS = YES_ERROR;
				CLANG_WARN_QUOTED_INCLUDE_IN_FRAMEWORK_HEADER = YES;
				CLANG_WARN_RANGE_LOOP_ANALYSIS = YES;
				CLANG_WARN_STRICT_PROTOTYPES = YES;
				CLANG_WARN_SUSPICIOUS_MOVE = YES;
				CLANG_WARN_UNGUARDED_AVAILABILITY = YES_AGGRESSIVE;
				CLANG_WARN_UNREACHABLE_CODE = YES;
				CLANG_WARN__DUPLICATE_METHOD_MATCH = YES;
				COPY_PHASE_STRIP = NO;
				DEBUG_INFORMATION_FORMAT = "dwarf-with-dsym";
				ENABLE_NS_ASSERTIONS = NO;
				ENABLE_STRICT_OBJC_MSGSEND = YES;
				GCC_C_LANGUAGE_STANDARD = gnu11;
				GCC_NO_COMMON_BLOCKS = YES;
				GCC_WARN_64_TO_32_BIT_CONVERSION = YES;
				GCC_WARN_ABOUT_RETURN_TYPE = YES_ERROR;
				GCC_WARN_UNDECLARED_SELECTOR = YES;
				GCC_WARN_UNINITIALIZED_AUTOS = YES_AGGRESSIVE;
				GCC_WARN_UNUSED_FUNCTION = YES;
				GCC_WARN_UNUSED_VARIABLE = YES;
				IPHONEOS_DEPLOYMENT_TARGET = 15.5;
				MTL_ENABLE_DEBUG_INFO = NO;
				MTL_FAST_MATH = YES;
				SDKROOT = iphoneos;
				SWIFT_COMPILATION_MODE = wholemodule;
				SWIFT_OPTIMIZATION_LEVEL = "-O";
				VALIDATE_PRODUCT = YES;
			};
			name = Release;
		};
		AC51FAE7284E64B1007411A5 /* Debug */ = {
			isa = XCBuildConfiguration;
			buildSettings = {
				ASSETCATALOG_COMPILER_APPICON_NAME = AppIcon;
				ASSETCATALOG_COMPILER_GLOBAL_ACCENT_COLOR_NAME = AccentColor;
				CODE_SIGN_ENTITLEMENTS = FirebaseComms/FirebaseComms.entitlements;
				CODE_SIGN_STYLE = Automatic;
				CURRENT_PROJECT_VERSION = 2;
				DEVELOPMENT_ASSET_PATHS = "\"FirebaseComms/Preview Content\"";
				DEVELOPMENT_TEAM = 95K7NNDDMQ;
				ENABLE_PREVIEWS = YES;
				GENERATE_INFOPLIST_FILE = YES;
				INFOPLIST_FILE = FirebaseComms/Info.plist;
				INFOPLIST_KEY_LSApplicationCategoryType = "public.app-category.utilities";
				INFOPLIST_KEY_NSCalendarsUsageDescription = "$(PRODUCT_NAME) wants to access your Calendar to create reminders";
				INFOPLIST_KEY_UIApplicationSceneManifest_Generation = YES;
				INFOPLIST_KEY_UIApplicationSupportsIndirectInputEvents = YES;
				INFOPLIST_KEY_UILaunchScreen_Generation = YES;
				INFOPLIST_KEY_UISupportedInterfaceOrientations_iPad = "UIInterfaceOrientationPortrait UIInterfaceOrientationPortraitUpsideDown UIInterfaceOrientationLandscapeLeft UIInterfaceOrientationLandscapeRight";
				INFOPLIST_KEY_UISupportedInterfaceOrientations_iPhone = "UIInterfaceOrientationPortrait UIInterfaceOrientationLandscapeLeft UIInterfaceOrientationLandscapeRight";
				IPHONEOS_DEPLOYMENT_TARGET = 15.0;
				LD_RUNPATH_SEARCH_PATHS = (
					"$(inherited)",
					"@executable_path/Frameworks",
				);
				MARKETING_VERSION = 1.1;
				PRODUCT_BUNDLE_IDENTIFIER = com.pygao.FirebaseComms;
				PRODUCT_NAME = "$(TARGET_NAME)";
				SWIFT_EMIT_LOC_STRINGS = YES;
				SWIFT_VERSION = 5.0;
				TARGETED_DEVICE_FAMILY = "1,2";
			};
			name = Debug;
		};
		AC51FAE8284E64B1007411A5 /* Release */ = {
			isa = XCBuildConfiguration;
			buildSettings = {
				ASSETCATALOG_COMPILER_APPICON_NAME = AppIcon;
				ASSETCATALOG_COMPILER_GLOBAL_ACCENT_COLOR_NAME = AccentColor;
				CODE_SIGN_ENTITLEMENTS = FirebaseComms/FirebaseComms.entitlements;
				CODE_SIGN_STYLE = Automatic;
				CURRENT_PROJECT_VERSION = 2;
				DEVELOPMENT_ASSET_PATHS = "\"FirebaseComms/Preview Content\"";
				DEVELOPMENT_TEAM = 95K7NNDDMQ;
				ENABLE_PREVIEWS = YES;
				GENERATE_INFOPLIST_FILE = YES;
				INFOPLIST_FILE = FirebaseComms/Info.plist;
				INFOPLIST_KEY_LSApplicationCategoryType = "public.app-category.utilities";
				INFOPLIST_KEY_NSCalendarsUsageDescription = "$(PRODUCT_NAME) wants to access your Calendar to create reminders";
				INFOPLIST_KEY_UIApplicationSceneManifest_Generation = YES;
				INFOPLIST_KEY_UIApplicationSupportsIndirectInputEvents = YES;
				INFOPLIST_KEY_UILaunchScreen_Generation = YES;
				INFOPLIST_KEY_UISupportedInterfaceOrientations_iPad = "UIInterfaceOrientationPortrait UIInterfaceOrientationPortraitUpsideDown UIInterfaceOrientationLandscapeLeft UIInterfaceOrientationLandscapeRight";
				INFOPLIST_KEY_UISupportedInterfaceOrientations_iPhone = "UIInterfaceOrientationPortrait UIInterfaceOrientationLandscapeLeft UIInterfaceOrientationLandscapeRight";
				IPHONEOS_DEPLOYMENT_TARGET = 15.0;
				LD_RUNPATH_SEARCH_PATHS = (
					"$(inherited)",
					"@executable_path/Frameworks",
				);
				MARKETING_VERSION = 1.1;
				PRODUCT_BUNDLE_IDENTIFIER = com.pygao.FirebaseComms;
				PRODUCT_NAME = "$(TARGET_NAME)";
				SWIFT_EMIT_LOC_STRINGS = YES;
				SWIFT_VERSION = 5.0;
				TARGETED_DEVICE_FAMILY = "1,2";
			};
			name = Release;
		};
/* End XCBuildConfiguration section */

/* Begin XCConfigurationList section */
		AC51FAD3284E64B0007411A5 /* Build configuration list for PBXProject "FirebaseComms" */ = {
			isa = XCConfigurationList;
			buildConfigurations = (
				AC51FAE4284E64B1007411A5 /* Debug */,
				AC51FAE5284E64B1007411A5 /* Release */,
			);
			defaultConfigurationIsVisible = 0;
			defaultConfigurationName = Release;
		};
		AC51FAE6284E64B1007411A5 /* Build configuration list for PBXNativeTarget "FirebaseComms" */ = {
			isa = XCConfigurationList;
			buildConfigurations = (
				AC51FAE7284E64B1007411A5 /* Debug */,
				AC51FAE8284E64B1007411A5 /* Release */,
			);
			defaultConfigurationIsVisible = 0;
			defaultConfigurationName = Release;
		};
/* End XCConfigurationList section */

/* Begin XCRemoteSwiftPackageReference section */
		AC51FAE9284E70D4007411A5 /* XCRemoteSwiftPackageReference "firebase-ios-sdk" */ = {
			isa = XCRemoteSwiftPackageReference;
			repositoryURL = "https://github.com/firebase/firebase-ios-sdk.git";
			requirement = {
				kind = upToNextMajorVersion;
				minimumVersion = 9.0.0;
			};
		};
		AC51FAEC284E713E007411A5 /* XCRemoteSwiftPackageReference "GoogleSignIn-iOS" */ = {
			isa = XCRemoteSwiftPackageReference;
			repositoryURL = "https://github.com/google/GoogleSignIn-iOS.git";
			requirement = {
				branch = main;
				kind = branch;
			};
		};
		AC51FAF5284E87B0007411A5 /* XCRemoteSwiftPackageReference "firebase-ios-sdk" */ = {
			isa = XCRemoteSwiftPackageReference;
			repositoryURL = "https://github.com/firebase/firebase-ios-sdk.git";
			requirement = {
				branch = master;
				kind = branch;
			};
		};
/* End XCRemoteSwiftPackageReference section */

/* Begin XCSwiftPackageProductDependency section */
		AC51FAED284E713E007411A5 /* GoogleSignIn */ = {
			isa = XCSwiftPackageProductDependency;
			package = AC51FAEC284E713E007411A5 /* XCRemoteSwiftPackageReference "GoogleSignIn-iOS" */;
			productName = GoogleSignIn;
		};
		AC51FAF6284E87B0007411A5 /* FirebaseAuth */ = {
			isa = XCSwiftPackageProductDependency;
			package = AC51FAF5284E87B0007411A5 /* XCRemoteSwiftPackageReference "firebase-ios-sdk" */;
			productName = FirebaseAuth;
		};
		AC51FAF8284E87B0007411A5 /* FirebaseFirestore */ = {
			isa = XCSwiftPackageProductDependency;
			package = AC51FAF5284E87B0007411A5 /* XCRemoteSwiftPackageReference "firebase-ios-sdk" */;
			productName = FirebaseFirestore;
		};
		AC51FAFA284E87B0007411A5 /* FirebaseStorage */ = {
			isa = XCSwiftPackageProductDependency;
			package = AC51FAF5284E87B0007411A5 /* XCRemoteSwiftPackageReference "firebase-ios-sdk" */;
			productName = FirebaseStorage;
		};
		ACBA02D128C951430071C9B5 /* FirebaseAnalytics */ = {
			isa = XCSwiftPackageProductDependency;
			package = AC51FAE9284E70D4007411A5 /* XCRemoteSwiftPackageReference "firebase-ios-sdk" */;
			productName = FirebaseAnalytics;
		};
		ACBA02D328C951480071C9B5 /* FirebaseMessaging */ = {
			isa = XCSwiftPackageProductDependency;
			package = AC51FAE9284E70D4007411A5 /* XCRemoteSwiftPackageReference "firebase-ios-sdk" */;
			productName = FirebaseMessaging;
		};
/* End XCSwiftPackageProductDependency section */
	};
	rootObject = AC51FAD0284E64B0007411A5 /* Project object */;
}
